{
  "name": "ethereum-multicall",
  "version": "1.0.0",
  "lockfileVersion": 1,
  "requires": true,
  "dependencies": {
    "@ethersproject/abi": {
      "version": "5.0.6",
      "resolved": "https://registry.npmjs.org/@ethersproject/abi/-/abi-5.0.6.tgz",
      "integrity": "sha512-ldhyQANDeVH0tMJM4SeySx9HTuKdev15/CUTSJMyvjgfLrWApE4Fmz8FRz9/giN1Nw8gRCWlPOfKkfmuypA7pg==",
      "requires": {
        "@ethersproject/address": "^5.0.4",
        "@ethersproject/bignumber": "^5.0.7",
        "@ethersproject/bytes": "^5.0.4",
        "@ethersproject/constants": "^5.0.4",
        "@ethersproject/hash": "^5.0.4",
        "@ethersproject/keccak256": "^5.0.3",
        "@ethersproject/logger": "^5.0.5",
        "@ethersproject/properties": "^5.0.3",
        "@ethersproject/strings": "^5.0.4"
      }
    },
    "@ethersproject/abstract-provider": {
      "version": "5.0.5",
      "resolved": "https://registry.npmjs.org/@ethersproject/abstract-provider/-/abstract-provider-5.0.5.tgz",
      "integrity": "sha512-i/CjElAkzV7vQBAeoz+IpjGfcFYEP9eD7j3fzZ0fzTq03DO7PPnR+xkEZ1IoDXGwDS+55aLM1xvLDwB/Lx6IOQ==",
      "requires": {
        "@ethersproject/bignumber": "^5.0.7",
        "@ethersproject/bytes": "^5.0.4",
        "@ethersproject/logger": "^5.0.5",
        "@ethersproject/networks": "^5.0.3",
        "@ethersproject/properties": "^5.0.3",
        "@ethersproject/transactions": "^5.0.5",
        "@ethersproject/web": "^5.0.6"
      }
    },
    "@ethersproject/abstract-signer": {
      "version": "5.0.6",
      "resolved": "https://registry.npmjs.org/@ethersproject/abstract-signer/-/abstract-signer-5.0.6.tgz",
      "integrity": "sha512-h8TZBX3pL2Xx9tmsRxfWcaaI+FcJFHWvZ/vNvFjLp8zJ0kPD501LKTt2jo44LZ20N3EW68JMoyEmRQ6bpsn+iA==",
      "requires": {
        "@ethersproject/abstract-provider": "^5.0.4",
        "@ethersproject/bignumber": "^5.0.7",
        "@ethersproject/bytes": "^5.0.4",
        "@ethersproject/logger": "^5.0.5",
        "@ethersproject/properties": "^5.0.3"
      }
    },
    "@ethersproject/address": {
      "version": "5.0.5",
      "resolved": "https://registry.npmjs.org/@ethersproject/address/-/address-5.0.5.tgz",
      "integrity": "sha512-DpkQ6rwk9jTefrRsJzEm6nhRiJd9pvhn1xN0rw5N/jswXG5r7BLk/GVA0mMAVWAsYfvi2xSc5L41FMox43RYEA==",
      "requires": {
        "@ethersproject/bignumber": "^5.0.7",
        "@ethersproject/bytes": "^5.0.4",
        "@ethersproject/keccak256": "^5.0.3",
        "@ethersproject/logger": "^5.0.5",
        "@ethersproject/rlp": "^5.0.3",
        "bn.js": "^4.4.0"
      }
    },
    "@ethersproject/base64": {
      "version": "5.0.4",
      "resolved": "https://registry.npmjs.org/@ethersproject/base64/-/base64-5.0.4.tgz",
      "integrity": "sha512-4KRykQ7BQMeOXfvio1YITwHjxwBzh92UoXIdzxDE1p53CK28bbHPdsPNYo0wl0El7lJAMpT2SOdL0hhbWRnyIA==",
      "requires": {
        "@ethersproject/bytes": "^5.0.4"
      }
    },
    "@ethersproject/basex": {
      "version": "5.0.4",
      "resolved": "https://registry.npmjs.org/@ethersproject/basex/-/basex-5.0.4.tgz",
      "integrity": "sha512-ixIr/kKiAoSzOnSc777AGIOAhKai5Ivqr4HO/Gz+YG+xkfv6kqD6AW4ga9vM20Wwb0QBhh3LoRWTu4V1K+x9Ew==",
      "requires": {
        "@ethersproject/bytes": "^5.0.4",
        "@ethersproject/properties": "^5.0.3"
      }
    },
    "@ethersproject/bignumber": {
      "version": "5.0.8",
      "resolved": "https://registry.npmjs.org/@ethersproject/bignumber/-/bignumber-5.0.8.tgz",
      "integrity": "sha512-KXFVAFKS1jdTXYN8BE5Oj+ZfPMh28iRdFeNGBVT6cUFdtiPVqeXqc0ggvBqA3A1VoFFGgM7oAeaagA393aORHA==",
      "requires": {
        "@ethersproject/bytes": "^5.0.4",
        "@ethersproject/logger": "^5.0.5",
        "bn.js": "^4.4.0"
      }
    },
    "@ethersproject/bytes": {
      "version": "5.0.5",
      "resolved": "https://registry.npmjs.org/@ethersproject/bytes/-/bytes-5.0.5.tgz",
      "integrity": "sha512-IEj9HpZB+ACS6cZ+QQMTqmu/cnUK2fYNE6ms/PVxjoBjoxc6HCraLpam1KuRvreMy0i523PLmjN8OYeikRdcUQ==",
      "requires": {
        "@ethersproject/logger": "^5.0.5"
      }
    },
    "@ethersproject/constants": {
      "version": "5.0.5",
      "resolved": "https://registry.npmjs.org/@ethersproject/constants/-/constants-5.0.5.tgz",
      "integrity": "sha512-foaQVmxp2+ik9FrLUCtVrLZCj4M3Ibgkqvh+Xw/vFRSerkjVSYePApaVE5essxhoSlF1U9oXfWY09QI2AXtgKA==",
      "requires": {
        "@ethersproject/bignumber": "^5.0.7"
      }
    },
    "@ethersproject/contracts": {
      "version": "5.0.5",
      "resolved": "https://registry.npmjs.org/@ethersproject/contracts/-/contracts-5.0.5.tgz",
      "integrity": "sha512-tFI255lFbmbqMkgnuyhDWHl3yWqttPlReplYuVvDCT/SuvBjLR4ad2uipBlh1fh5X1ipK9ettAoV4S0HKim4Kw==",
      "requires": {
        "@ethersproject/abi": "^5.0.5",
        "@ethersproject/abstract-provider": "^5.0.4",
        "@ethersproject/abstract-signer": "^5.0.4",
        "@ethersproject/address": "^5.0.4",
        "@ethersproject/bignumber": "^5.0.7",
        "@ethersproject/bytes": "^5.0.4",
        "@ethersproject/constants": "^5.0.4",
        "@ethersproject/logger": "^5.0.5",
        "@ethersproject/properties": "^5.0.3"
      }
    },
    "@ethersproject/hash": {
      "version": "5.0.5",
      "resolved": "https://registry.npmjs.org/@ethersproject/hash/-/hash-5.0.5.tgz",
      "integrity": "sha512-GpI80/h2HDpfNKpCZoxQJCjOQloGnlD5hM1G+tZe8FQDJhEvFjJoPDuWv+NaYjJfOciKS2Axqc4Q4WamdLoUgg==",
      "requires": {
        "@ethersproject/bytes": "^5.0.4",
        "@ethersproject/keccak256": "^5.0.3",
        "@ethersproject/logger": "^5.0.5",
        "@ethersproject/strings": "^5.0.4"
      }
    },
    "@ethersproject/hdnode": {
      "version": "5.0.5",
      "resolved": "https://registry.npmjs.org/@ethersproject/hdnode/-/hdnode-5.0.5.tgz",
      "integrity": "sha512-Ho4HZaK+KijE5adayvjAGusWMnT0mgwGa5hGMBofBOgX9nqiKf6Wxx68SXBGI1/L3rmKo6mlAjxUd8gefs0teQ==",
      "requires": {
        "@ethersproject/abstract-signer": "^5.0.4",
        "@ethersproject/basex": "^5.0.3",
        "@ethersproject/bignumber": "^5.0.7",
        "@ethersproject/bytes": "^5.0.4",
        "@ethersproject/logger": "^5.0.5",
        "@ethersproject/pbkdf2": "^5.0.3",
        "@ethersproject/properties": "^5.0.3",
        "@ethersproject/sha2": "^5.0.3",
        "@ethersproject/signing-key": "^5.0.4",
        "@ethersproject/strings": "^5.0.4",
        "@ethersproject/transactions": "^5.0.5",
        "@ethersproject/wordlists": "^5.0.4"
      }
    },
    "@ethersproject/json-wallets": {
      "version": "5.0.7",
      "resolved": "https://registry.npmjs.org/@ethersproject/json-wallets/-/json-wallets-5.0.7.tgz",
      "integrity": "sha512-dgOn9JtGgjT28mDXs4LYY2rT4CzS6bG/rxoYuPq3TLHIf6nmvBcr33Fee6RrM/y8UAx4gyIkf6wb2cXsOctvQQ==",
      "requires": {
        "@ethersproject/abstract-signer": "^5.0.4",
        "@ethersproject/address": "^5.0.4",
        "@ethersproject/bytes": "^5.0.4",
        "@ethersproject/hdnode": "^5.0.4",
        "@ethersproject/keccak256": "^5.0.3",
        "@ethersproject/logger": "^5.0.5",
        "@ethersproject/pbkdf2": "^5.0.3",
        "@ethersproject/properties": "^5.0.3",
        "@ethersproject/random": "^5.0.3",
        "@ethersproject/strings": "^5.0.4",
        "@ethersproject/transactions": "^5.0.5",
        "aes-js": "3.0.0",
        "scrypt-js": "3.0.1"
      }
    },
    "@ethersproject/keccak256": {
      "version": "5.0.4",
      "resolved": "https://registry.npmjs.org/@ethersproject/keccak256/-/keccak256-5.0.4.tgz",
      "integrity": "sha512-GNpiOUm9PGUxFNqOxYKDQBM0u68bG9XC9iOulEQ8I0tOx/4qUpgVzvgXL6ugxr0RY554Gz/NQsVqknqPzUcxpQ==",
      "requires": {
        "@ethersproject/bytes": "^5.0.4",
        "js-sha3": "0.5.7"
      }
    },
    "@ethersproject/logger": {
      "version": "5.0.6",
      "resolved": "https://registry.npmjs.org/@ethersproject/logger/-/logger-5.0.6.tgz",
      "integrity": "sha512-FrX0Vnb3JZ1md/7GIZfmJ06XOAA8r3q9Uqt9O5orr4ZiksnbpXKlyDzQtlZ5Yv18RS8CAUbiKH9vwidJg1BPmQ=="
    },
    "@ethersproject/networks": {
      "version": "5.0.4",
      "resolved": "https://registry.npmjs.org/@ethersproject/networks/-/networks-5.0.4.tgz",
      "integrity": "sha512-/wHDTRms5mpJ09BoDrbNdFWINzONe05wZRgohCXvEv39rrH/Gd/yAnct8wC0RsW3tmFOgjgQxuBvypIxuUynTw==",
      "requires": {
        "@ethersproject/logger": "^5.0.5"
      }
    },
    "@ethersproject/pbkdf2": {
      "version": "5.0.4",
      "resolved": "https://registry.npmjs.org/@ethersproject/pbkdf2/-/pbkdf2-5.0.4.tgz",
      "integrity": "sha512-9jVBjHXQKfr9+3bkCg01a8Cd1H9e+7Kw3ZMIvAxD0lZtuzrXsJxm1hVwY9KA+PRUvgS/9tTP4viXQYwLAax7zg==",
      "requires": {
        "@ethersproject/bytes": "^5.0.4",
        "@ethersproject/sha2": "^5.0.3"
      }
    },
    "@ethersproject/properties": {
      "version": "5.0.4",
      "resolved": "https://registry.npmjs.org/@ethersproject/properties/-/properties-5.0.4.tgz",
      "integrity": "sha512-UdyX3GqBxFt15B0uSESdDNmhvEbK3ACdDXl2soshoPcneXuTswHDeA0LoPlnaZzhbgk4p6jqb4GMms5C26Qu6A==",
      "requires": {
        "@ethersproject/logger": "^5.0.5"
      }
    },
    "@ethersproject/providers": {
      "version": "5.0.10",
      "resolved": "https://registry.npmjs.org/@ethersproject/providers/-/providers-5.0.10.tgz",
      "integrity": "sha512-Nre9ZxO+Bjpf5bK1noUS7lx7YFuSAofYr9MM71zbrOuLuR2IhJm8yeKLewbRpnA/Cx6ZHUCYCo4B8FVOWXW2Zg==",
      "requires": {
        "@ethersproject/abstract-provider": "^5.0.4",
        "@ethersproject/abstract-signer": "^5.0.4",
        "@ethersproject/address": "^5.0.4",
        "@ethersproject/basex": "^5.0.3",
        "@ethersproject/bignumber": "^5.0.7",
        "@ethersproject/bytes": "^5.0.4",
        "@ethersproject/constants": "^5.0.4",
        "@ethersproject/hash": "^5.0.4",
        "@ethersproject/logger": "^5.0.5",
        "@ethersproject/networks": "^5.0.3",
        "@ethersproject/properties": "^5.0.3",
        "@ethersproject/random": "^5.0.3",
        "@ethersproject/rlp": "^5.0.3",
        "@ethersproject/sha2": "^5.0.3",
        "@ethersproject/strings": "^5.0.4",
        "@ethersproject/transactions": "^5.0.5",
        "@ethersproject/web": "^5.0.6",
        "bech32": "1.1.4",
        "ws": "7.2.3"
      }
    },
    "@ethersproject/random": {
      "version": "5.0.4",
      "resolved": "https://registry.npmjs.org/@ethersproject/random/-/random-5.0.4.tgz",
      "integrity": "sha512-AIZJhqs6Ba4/+U3lOjt3QZbP6b/kuuGLJUYFUonAgWmkTHwqsCwYnFvnHKQSUuHbXHvErp7WFXFlztx+yMn3kQ==",
      "requires": {
        "@ethersproject/bytes": "^5.0.4",
        "@ethersproject/logger": "^5.0.5"
      }
    },
    "@ethersproject/rlp": {
      "version": "5.0.4",
      "resolved": "https://registry.npmjs.org/@ethersproject/rlp/-/rlp-5.0.4.tgz",
      "integrity": "sha512-5qrrZad7VTjofxSsm7Zg/7Dr4ZOln4S2CqiDdOuTv6MBKnXj0CiBojXyuDy52M8O3wxH0CyE924hXWTDV1PQWQ==",
      "requires": {
        "@ethersproject/bytes": "^5.0.4",
        "@ethersproject/logger": "^5.0.5"
      }
    },
    "@ethersproject/sha2": {
      "version": "5.0.4",
      "resolved": "https://registry.npmjs.org/@ethersproject/sha2/-/sha2-5.0.4.tgz",
      "integrity": "sha512-0yFhf1mspxAfWdXXoPtK94adUeu1R7/FzAa+DfEiZTc76sz/vHXf0LSIazoR3znYKFny6haBxME+usbvvEcF3A==",
      "requires": {
        "@ethersproject/bytes": "^5.0.4",
        "@ethersproject/logger": "^5.0.5",
        "hash.js": "1.1.3"
      },
      "dependencies": {
        "hash.js": {
          "version": "1.1.3",
          "resolved": "https://registry.npmjs.org/hash.js/-/hash.js-1.1.3.tgz",
          "integrity": "sha512-/UETyP0W22QILqS+6HowevwhEFJ3MBJnwTf75Qob9Wz9t0DPuisL8kW8YZMK62dHAKE1c1p+gY1TtOLY+USEHA==",
          "requires": {
            "inherits": "^2.0.3",
            "minimalistic-assert": "^1.0.0"
          }
        }
      }
    },
    "@ethersproject/signing-key": {
      "version": "5.0.5",
      "resolved": "https://registry.npmjs.org/@ethersproject/signing-key/-/signing-key-5.0.5.tgz",
      "integrity": "sha512-Z1wY7JC1HVO4CvQWY2TyTTuAr8xK3bJijZw1a9G92JEmKdv1j255R/0YLBBcFTl2J65LUjtXynNJ2GbArPGi5g==",
      "requires": {
        "@ethersproject/bytes": "^5.0.4",
        "@ethersproject/logger": "^5.0.5",
        "@ethersproject/properties": "^5.0.3",
        "elliptic": "6.5.3"
      }
    },
    "@ethersproject/solidity": {
      "version": "5.0.5",
      "resolved": "https://registry.npmjs.org/@ethersproject/solidity/-/solidity-5.0.5.tgz",
      "integrity": "sha512-DMFQ0ouXmNVoKWbGEUFGi8Urli4SJip9jXafQyFHWPRr5oJUqDVkNfwcyC37k+mhBG93k7qrYXCH2xJnGEOxHg==",
      "requires": {
        "@ethersproject/bignumber": "^5.0.7",
        "@ethersproject/bytes": "^5.0.4",
        "@ethersproject/keccak256": "^5.0.3",
        "@ethersproject/sha2": "^5.0.3",
        "@ethersproject/strings": "^5.0.4"
      }
    },
    "@ethersproject/strings": {
      "version": "5.0.5",
      "resolved": "https://registry.npmjs.org/@ethersproject/strings/-/strings-5.0.5.tgz",
      "integrity": "sha512-JED6WaIV00xM/gvj8vSnd+0VWtDYdidTmavFRCTQakqfz+4tDo6Jz5LHgG+dd45h7ah7ykCHW0C7ZXWEDROCXQ==",
      "requires": {
        "@ethersproject/bytes": "^5.0.4",
        "@ethersproject/constants": "^5.0.4",
        "@ethersproject/logger": "^5.0.5"
      }
    },
    "@ethersproject/transactions": {
      "version": "5.0.6",
      "resolved": "https://registry.npmjs.org/@ethersproject/transactions/-/transactions-5.0.6.tgz",
      "integrity": "sha512-htsFhOD+NMBxx676A8ehSuwVV49iqpSB+CkjPZ02tpNew0K6p8g0CZ46Z1ZP946gIHAU80xQ0NACHYrjIUaCFA==",
      "requires": {
        "@ethersproject/address": "^5.0.4",
        "@ethersproject/bignumber": "^5.0.7",
        "@ethersproject/bytes": "^5.0.4",
        "@ethersproject/constants": "^5.0.4",
        "@ethersproject/keccak256": "^5.0.3",
        "@ethersproject/logger": "^5.0.5",
        "@ethersproject/properties": "^5.0.3",
        "@ethersproject/rlp": "^5.0.3",
        "@ethersproject/signing-key": "^5.0.4"
      }
    },
    "@ethersproject/units": {
      "version": "5.0.5",
      "resolved": "https://registry.npmjs.org/@ethersproject/units/-/units-5.0.5.tgz",
      "integrity": "sha512-XHZZIA+o4Sfne9ycWWdoCpMQSpTAF1V1fxNIfgFAVYBp0JKZp4YypDdHCDleAP4rPuFgSNeJqZyb3kAe1VJMkg==",
      "requires": {
        "@ethersproject/bignumber": "^5.0.7",
        "@ethersproject/constants": "^5.0.4",
        "@ethersproject/logger": "^5.0.5"
      }
    },
    "@ethersproject/wallet": {
      "version": "5.0.5",
      "resolved": "https://registry.npmjs.org/@ethersproject/wallet/-/wallet-5.0.5.tgz",
      "integrity": "sha512-NbrKmsW3w+5dVOEyVCN5VAAIp3y8ckutW6AV7Lo0Hn8RO9mLT8ZFzLGp4lzgJoxkm+EV8BE+x1N6NdiOgUzRng==",
      "requires": {
        "@ethersproject/abstract-provider": "^5.0.4",
        "@ethersproject/abstract-signer": "^5.0.4",
        "@ethersproject/address": "^5.0.4",
        "@ethersproject/bignumber": "^5.0.7",
        "@ethersproject/bytes": "^5.0.4",
        "@ethersproject/hash": "^5.0.4",
        "@ethersproject/hdnode": "^5.0.4",
        "@ethersproject/json-wallets": "^5.0.6",
        "@ethersproject/keccak256": "^5.0.3",
        "@ethersproject/logger": "^5.0.5",
        "@ethersproject/properties": "^5.0.3",
        "@ethersproject/random": "^5.0.3",
        "@ethersproject/signing-key": "^5.0.4",
        "@ethersproject/transactions": "^5.0.5",
        "@ethersproject/wordlists": "^5.0.4"
      }
    },
    "@ethersproject/web": {
      "version": "5.0.8",
      "resolved": "https://registry.npmjs.org/@ethersproject/web/-/web-5.0.8.tgz",
      "integrity": "sha512-5An1sar40zXUYmBLH+P1m0F3mTi8lNBV/usLKP3AYBdSxPQyQWymLAEPyX7x5/eBpQAwCInLtF7LPMm9HPI28g==",
      "requires": {
        "@ethersproject/base64": "^5.0.3",
        "@ethersproject/bytes": "^5.0.4",
        "@ethersproject/logger": "^5.0.5",
        "@ethersproject/properties": "^5.0.3",
        "@ethersproject/strings": "^5.0.4"
      }
    },
    "@ethersproject/wordlists": {
      "version": "5.0.5",
      "resolved": "https://registry.npmjs.org/@ethersproject/wordlists/-/wordlists-5.0.5.tgz",
      "integrity": "sha512-XA3ycFltVrCTQt04w5nHu3Xq5Z6HjqWsXaAYQHFdqtugyUsIumaO9S5MOwFFuUYTNkZUoT3jCRa/OBS+K4tLfA==",
      "requires": {
        "@ethersproject/bytes": "^5.0.4",
        "@ethersproject/hash": "^5.0.4",
        "@ethersproject/logger": "^5.0.5",
        "@ethersproject/properties": "^5.0.3",
        "@ethersproject/strings": "^5.0.4"
      }
    },
    "@types/node": {
      "version": "14.11.2",
      "resolved": "https://registry.npmjs.org/@types/node/-/node-14.11.2.tgz",
      "integrity": "sha512-jiE3QIxJ8JLNcb1Ps6rDbysDhN4xa8DJJvuC9prr6w+1tIh+QAbYyNF3tyiZNLDBIuBCf4KEcV2UvQm/V60xfA==",
      "dev": true
    },
    "aes-js": {
      "version": "3.0.0",
      "resolved": "https://registry.npmjs.org/aes-js/-/aes-js-3.0.0.tgz",
      "integrity": "sha1-4h3xCtbCBTKVvLuNq0Cwnb6ofk0="
    },
    "ansi-regex": {
      "version": "5.0.0",
      "resolved": "https://registry.npmjs.org/ansi-regex/-/ansi-regex-5.0.0.tgz",
      "integrity": "sha512-bY6fj56OUQ0hU1KjFNDQuJFezqKdrAyFdIevADiqrWHwSlbmBNMHp5ak2f40Pm8JTFyM2mqxkG6ngkHO11f/lg==",
      "dev": true
    },
    "ansi-styles": {
      "version": "4.3.0",
      "resolved": "https://registry.npmjs.org/ansi-styles/-/ansi-styles-4.3.0.tgz",
      "integrity": "sha512-zbB9rCJAT1rbjiVDb2hqKFHNYLxgtk8NURxZ3IZwD3F6NtxbXZQCnnSi1Lkx+IDohdPlFp222wVALIheZJQSEg==",
      "dev": true,
      "requires": {
        "color-convert": "^2.0.1"
      }
    },
    "at-least-node": {
      "version": "1.0.0",
      "resolved": "https://registry.npmjs.org/at-least-node/-/at-least-node-1.0.0.tgz",
      "integrity": "sha512-+q/t7Ekv1EDY2l6Gda6LLiX14rU9TV20Wa3ofeQmwPFZbOMo9DXrLbOjFaaclkXKWidIaopwAObQDqwWtGUjqg==",
      "dev": true
    },
    "bech32": {
      "version": "1.1.4",
      "resolved": "https://registry.npmjs.org/bech32/-/bech32-1.1.4.tgz",
      "integrity": "sha512-s0IrSOzLlbvX7yp4WBfPITzpAU8sqQcpsmwXDiKwrG4r491vwCO/XpejasRNl0piBMe/DvP4Tz0mIS/X1DPJBQ=="
    },
    "bignumber.js": {
      "version": "9.0.1",
      "resolved": "https://registry.npmjs.org/bignumber.js/-/bignumber.js-9.0.1.tgz",
      "integrity": "sha512-IdZR9mh6ahOBv/hYGiXyVuyCetmGJhtYkqLBpTStdhEGjegpPlUawydyaF3pbIOFynJTpllEs+NP+CS9jKFLjA==",
      "dev": true
    },
    "bn.js": {
      "version": "4.11.9",
      "resolved": "https://registry.npmjs.org/bn.js/-/bn.js-4.11.9.tgz",
      "integrity": "sha512-E6QoYqCKZfgatHTdHzs1RRKP7ip4vvm+EyRUeE2RF0NblwVvb0p6jSVeNTOFxPn26QXN2o6SMfNxKp6kU8zQaw=="
    },
    "brorand": {
      "version": "1.1.0",
      "resolved": "https://registry.npmjs.org/brorand/-/brorand-1.1.0.tgz",
      "integrity": "sha1-EsJe/kCkXjwyPrhnWgoM5XsiNx8="
    },
    "camelcase": {
      "version": "5.3.1",
      "resolved": "https://registry.npmjs.org/camelcase/-/camelcase-5.3.1.tgz",
      "integrity": "sha512-L28STB170nwWS63UjtlEOE3dldQApaJXZkOI1uMFfzf3rRuPegHaHesyee+YxQ+W6SvRDQV6UrdOdRiR153wJg==",
      "dev": true
    },
    "cliui": {
      "version": "6.0.0",
      "resolved": "https://registry.npmjs.org/cliui/-/cliui-6.0.0.tgz",
      "integrity": "sha512-t6wbgtoCXvAzst7QgXxJYqPt0usEfbgQdftEPbLL/cvv6HPE5VgvqCuAIDR0NgU52ds6rFwqrgakNLrHEjCbrQ==",
      "dev": true,
      "requires": {
        "string-width": "^4.2.0",
        "strip-ansi": "^6.0.0",
        "wrap-ansi": "^6.2.0"
      }
    },
    "color-convert": {
      "version": "2.0.1",
      "resolved": "https://registry.npmjs.org/color-convert/-/color-convert-2.0.1.tgz",
      "integrity": "sha512-RRECPsj7iu/xb5oKYcsFHSppFNnsj/52OVTRKb4zP5onXwVF3zVmmToNcOfGC+CRDpfK/U584fMg38ZHCaElKQ==",
      "dev": true,
      "requires": {
        "color-name": "~1.1.4"
      }
    },
    "color-name": {
      "version": "1.1.4",
      "resolved": "https://registry.npmjs.org/color-name/-/color-name-1.1.4.tgz",
      "integrity": "sha512-dOy+3AuW3a2wNbZHIuMZpTcgjGuLU/uBL/ubcZF9OXbDo8ff4O8yVp5Bf0efS8uEoYo5q4Fx7dY9OgQGXgAsQA==",
      "dev": true
    },
    "colors": {
      "version": "1.4.0",
      "resolved": "https://registry.npmjs.org/colors/-/colors-1.4.0.tgz",
      "integrity": "sha512-a+UqTh4kgZg/SlGvfbzDHpgRu7AAQOmmqRHJnxhRZICKFUT91brVhNNt58CMWU9PsBbv3PDCZUHbVxuDiH2mtA==",
      "dev": true
    },
    "decamelize": {
      "version": "1.2.0",
      "resolved": "https://registry.npmjs.org/decamelize/-/decamelize-1.2.0.tgz",
      "integrity": "sha1-9lNNFRSCabIDUue+4m9QH5oZEpA=",
      "dev": true
    },
    "dotenv": {
      "version": "8.2.0",
      "resolved": "https://registry.npmjs.org/dotenv/-/dotenv-8.2.0.tgz",
      "integrity": "sha512-8sJ78ElpbDJBHNeBzUbUVLsqKdccaa/BXF1uPTw3GrvQTBgrQrtObr2mUrE38vzYd8cEv+m/JBfDLioYcfXoaw==",
      "dev": true
    },
    "elliptic": {
      "version": "6.5.3",
      "resolved": "https://registry.npmjs.org/elliptic/-/elliptic-6.5.3.tgz",
      "integrity": "sha512-IMqzv5wNQf+E6aHeIqATs0tOLeOTwj1QKbRcS3jBbYkl5oLAserA8yJTT7/VyHUYG91PRmPyeQDObKLPpeS4dw==",
      "requires": {
        "bn.js": "^4.4.0",
        "brorand": "^1.0.1",
        "hash.js": "^1.0.0",
        "hmac-drbg": "^1.0.0",
        "inherits": "^2.0.1",
        "minimalistic-assert": "^1.0.0",
        "minimalistic-crypto-utils": "^1.0.0"
      }
    },
    "emoji-regex": {
      "version": "8.0.0",
      "resolved": "https://registry.npmjs.org/emoji-regex/-/emoji-regex-8.0.0.tgz",
      "integrity": "sha512-MSjYzcWNOA0ewAHpz0MxpYFvwg6yjy1NG3xteoqz644VCo/RPgnr1/GGt+ic3iJTzQ8Eu3TdM14SawnVUmGE6A==",
      "dev": true
    },
    "ethereum-abi-types-generator": {
      "version": "1.0.6",
      "resolved": "https://registry.npmjs.org/ethereum-abi-types-generator/-/ethereum-abi-types-generator-1.0.6.tgz",
      "integrity": "sha512-JT9RnOYjXabuDVPe5gH1jDiS3aQgsxmR2ZP9WSgt5BXyZwruxwYjy6Ox6ga/Jfg5rWYCjGDx3d5U0KXN+Z0+9g==",
      "dev": true,
      "requires": {
        "bignumber.js": "^9.0.0",
        "colors": "^1.4.0",
        "dotenv": "^8.2.0",
        "fs-extra": "^9.0.0",
        "prettier": "^2.0.5",
        "reflect-metadata": "^0.1.13",
        "yargs": "^15.3.1"
      }
    },
    "ethers": {
      "version": "5.0.15",
      "resolved": "https://registry.npmjs.org/ethers/-/ethers-5.0.15.tgz",
      "integrity": "sha512-ODBTkK+dg44d4yzLgD/w3IxDBa9nLFBF4z8OgICISvkVO2uLLmlR5boqv61PtTMTIPydT9wTn5C1cUntHKFkqQ==",
      "requires": {
        "@ethersproject/abi": "5.0.6",
        "@ethersproject/abstract-provider": "5.0.5",
        "@ethersproject/abstract-signer": "5.0.6",
        "@ethersproject/address": "5.0.5",
        "@ethersproject/base64": "5.0.4",
        "@ethersproject/basex": "5.0.4",
        "@ethersproject/bignumber": "5.0.8",
        "@ethersproject/bytes": "5.0.5",
        "@ethersproject/constants": "5.0.5",
        "@ethersproject/contracts": "5.0.5",
        "@ethersproject/hash": "5.0.5",
        "@ethersproject/hdnode": "5.0.5",
        "@ethersproject/json-wallets": "5.0.7",
        "@ethersproject/keccak256": "5.0.4",
        "@ethersproject/logger": "5.0.6",
        "@ethersproject/networks": "5.0.4",
        "@ethersproject/pbkdf2": "5.0.4",
        "@ethersproject/properties": "5.0.4",
        "@ethersproject/providers": "5.0.10",
        "@ethersproject/random": "5.0.4",
        "@ethersproject/rlp": "5.0.4",
        "@ethersproject/sha2": "5.0.4",
        "@ethersproject/signing-key": "5.0.5",
        "@ethersproject/solidity": "5.0.5",
        "@ethersproject/strings": "5.0.5",
        "@ethersproject/transactions": "5.0.6",
        "@ethersproject/units": "5.0.5",
        "@ethersproject/wallet": "5.0.5",
        "@ethersproject/web": "5.0.8",
        "@ethersproject/wordlists": "5.0.5"
      }
    },
    "find-up": {
      "version": "4.1.0",
      "resolved": "https://registry.npmjs.org/find-up/-/find-up-4.1.0.tgz",
      "integrity": "sha512-PpOwAdQ/YlXQ2vj8a3h8IipDuYRi3wceVQQGYWxNINccq40Anw7BlsEXCMbt1Zt+OLA6Fq9suIpIWD0OsnISlw==",
      "dev": true,
      "requires": {
        "locate-path": "^5.0.0",
        "path-exists": "^4.0.0"
      }
    },
    "fs-extra": {
      "version": "9.0.1",
      "resolved": "https://registry.npmjs.org/fs-extra/-/fs-extra-9.0.1.tgz",
      "integrity": "sha512-h2iAoN838FqAFJY2/qVpzFXy+EBxfVE220PalAqQLDVsFOHLJrZvut5puAbCdNv6WJk+B8ihI+k0c7JK5erwqQ==",
      "dev": true,
      "requires": {
        "at-least-node": "^1.0.0",
        "graceful-fs": "^4.2.0",
        "jsonfile": "^6.0.1",
        "universalify": "^1.0.0"
      }
    },
    "get-caller-file": {
      "version": "2.0.5",
      "resolved": "https://registry.npmjs.org/get-caller-file/-/get-caller-file-2.0.5.tgz",
      "integrity": "sha512-DyFP3BM/3YHTQOCUL/w0OZHR0lpKeGrxotcHWcqNEdnltqFwXVfhEBQ94eIo34AfQpo0rGki4cyIiftY06h2Fg==",
      "dev": true
    },
    "graceful-fs": {
      "version": "4.2.4",
      "resolved": "https://registry.npmjs.org/graceful-fs/-/graceful-fs-4.2.4.tgz",
      "integrity": "sha512-WjKPNJF79dtJAVniUlGGWHYGz2jWxT6VhN/4m1NdkbZ2nOsEF+cI1Edgql5zCRhs/VsQYRvrXctxktVXZUkixw==",
      "dev": true
    },
    "hash.js": {
      "version": "1.1.7",
      "resolved": "https://registry.npmjs.org/hash.js/-/hash.js-1.1.7.tgz",
      "integrity": "sha512-taOaskGt4z4SOANNseOviYDvjEJinIkRgmp7LbKP2YTTmVxWBl87s/uzK9r+44BclBSp2X7K1hqeNfz9JbBeXA==",
      "requires": {
        "inherits": "^2.0.3",
        "minimalistic-assert": "^1.0.1"
      }
    },
    "hmac-drbg": {
      "version": "1.0.1",
      "resolved": "https://registry.npmjs.org/hmac-drbg/-/hmac-drbg-1.0.1.tgz",
      "integrity": "sha1-0nRXAQJabHdabFRXk+1QL8DGSaE=",
      "requires": {
        "hash.js": "^1.0.3",
        "minimalistic-assert": "^1.0.0",
        "minimalistic-crypto-utils": "^1.0.1"
      }
    },
    "inherits": {
      "version": "2.0.4",
      "resolved": "https://registry.npmjs.org/inherits/-/inherits-2.0.4.tgz",
      "integrity": "sha512-k/vGaX4/Yla3WzyMCvTQOXYeIHvqOKtnqBduzTHpzpQZzAskKMhZ2K+EnBiSM9zGSoIFeMpXKxa4dYeZIQqewQ=="
    },
    "is-fullwidth-code-point": {
      "version": "3.0.0",
      "resolved": "https://registry.npmjs.org/is-fullwidth-code-point/-/is-fullwidth-code-point-3.0.0.tgz",
      "integrity": "sha512-zymm5+u+sCsSWyD9qNaejV3DFvhCKclKdizYaJUuHA83RLjb7nSuGnddCHGv0hk+KY7BMAlsWeK4Ueg6EV6XQg==",
      "dev": true
    },
    "js-sha3": {
      "version": "0.5.7",
      "resolved": "https://registry.npmjs.org/js-sha3/-/js-sha3-0.5.7.tgz",
      "integrity": "sha1-DU/9gALVMzqrr0oj7tL2N0yfKOc="
    },
    "jsonfile": {
      "version": "6.0.1",
      "resolved": "https://registry.npmjs.org/jsonfile/-/jsonfile-6.0.1.tgz",
      "integrity": "sha512-jR2b5v7d2vIOust+w3wtFKZIfpC2pnRmFAhAC/BuweZFQR8qZzxH1OyrQ10HmdVYiXWkYUqPVsz91cG7EL2FBg==",
      "dev": true,
      "requires": {
        "graceful-fs": "^4.1.6",
        "universalify": "^1.0.0"
      }
    },
    "locate-path": {
      "version": "5.0.0",
      "resolved": "https://registry.npmjs.org/locate-path/-/locate-path-5.0.0.tgz",
      "integrity": "sha512-t7hw9pI+WvuwNJXwk5zVHpyhIqzg2qTlklJOf0mVxGSbe3Fp2VieZcduNYjaLDoy6p9uGpQEGWG87WpMKlNq8g==",
      "dev": true,
      "requires": {
        "p-locate": "^4.1.0"
      }
    },
    "minimalistic-assert": {
      "version": "1.0.1",
      "resolved": "https://registry.npmjs.org/minimalistic-assert/-/minimalistic-assert-1.0.1.tgz",
      "integrity": "sha512-UtJcAD4yEaGtjPezWuO9wC4nwUnVH/8/Im3yEHQP4b67cXlD/Qr9hdITCU1xDbSEXg2XKNaP8jsReV7vQd00/A=="
    },
    "minimalistic-crypto-utils": {
      "version": "1.0.1",
      "resolved": "https://registry.npmjs.org/minimalistic-crypto-utils/-/minimalistic-crypto-utils-1.0.1.tgz",
      "integrity": "sha1-9sAMHAsIIkblxNmd+4x8CDsrWCo="
    },
    "p-limit": {
      "version": "2.3.0",
      "resolved": "https://registry.npmjs.org/p-limit/-/p-limit-2.3.0.tgz",
      "integrity": "sha512-//88mFWSJx8lxCzwdAABTJL2MyWB12+eIY7MDL2SqLmAkeKU9qxRvWuSyTjm3FUmpBEMuFfckAIqEaVGUDxb6w==",
      "dev": true,
      "requires": {
        "p-try": "^2.0.0"
      }
    },
    "p-locate": {
      "version": "4.1.0",
      "resolved": "https://registry.npmjs.org/p-locate/-/p-locate-4.1.0.tgz",
      "integrity": "sha512-R79ZZ/0wAxKGu3oYMlz8jy/kbhsNrS7SKZ7PxEHBgJ5+F2mtFW2fK2cOtBh1cHYkQsbzFV7I+EoRKe6Yt0oK7A==",
      "dev": true,
      "requires": {
        "p-limit": "^2.2.0"
      }
    },
    "p-try": {
      "version": "2.2.0",
      "resolved": "https://registry.npmjs.org/p-try/-/p-try-2.2.0.tgz",
      "integrity": "sha512-R4nPAVTAU0B9D35/Gk3uJf/7XYbQcyohSKdvAxIRSNghFl4e71hVoGnBNQz9cWaXxO2I10KTC+3jMdvvoKw6dQ==",
      "dev": true
    },
    "path-exists": {
      "version": "4.0.0",
      "resolved": "https://registry.npmjs.org/path-exists/-/path-exists-4.0.0.tgz",
      "integrity": "sha512-ak9Qy5Q7jYb2Wwcey5Fpvg2KoAc/ZIhLSLOSBmRmygPsGwkVVt0fZa0qrtMz+m6tJTAHfZQ8FnmB4MG4LWy7/w==",
      "dev": true
    },
    "prettier": {
      "version": "2.1.2",
      "resolved": "https://registry.npmjs.org/prettier/-/prettier-2.1.2.tgz",
      "integrity": "sha512-16c7K+x4qVlJg9rEbXl7HEGmQyZlG4R9AgP+oHKRMsMsuk8s+ATStlf1NpDqyBI1HpVyfjLOeMhH2LvuNvV5Vg==",
      "dev": true
    },
    "reflect-metadata": {
      "version": "0.1.13",
      "resolved": "https://registry.npmjs.org/reflect-metadata/-/reflect-metadata-0.1.13.tgz",
      "integrity": "sha512-Ts1Y/anZELhSsjMcU605fU9RE4Oi3p5ORujwbIKXfWa+0Zxs510Qrmrce5/Jowq3cHSZSJqBjypxmHarc+vEWg==",
      "dev": true
    },
    "require-directory": {
      "version": "2.1.1",
      "resolved": "https://registry.npmjs.org/require-directory/-/require-directory-2.1.1.tgz",
      "integrity": "sha1-jGStX9MNqxyXbiNE/+f3kqam30I=",
      "dev": true
    },
    "require-main-filename": {
      "version": "2.0.0",
      "resolved": "https://registry.npmjs.org/require-main-filename/-/require-main-filename-2.0.0.tgz",
      "integrity": "sha512-NKN5kMDylKuldxYLSUfrbo5Tuzh4hd+2E8NPPX02mZtn1VuREQToYe/ZdlJy+J3uCpfaiGF05e7B8W0iXbQHmg==",
      "dev": true
    },
    "scrypt-js": {
      "version": "3.0.1",
      "resolved": "https://registry.npmjs.org/scrypt-js/-/scrypt-js-3.0.1.tgz",
      "integrity": "sha512-cdwTTnqPu0Hyvf5in5asVdZocVDTNRmR7XEcJuIzMjJeSHybHl7vpB66AzwTaIg6CLSbtjcxc8fqcySfnTkccA=="
    },
    "set-blocking": {
      "version": "2.0.0",
      "resolved": "https://registry.npmjs.org/set-blocking/-/set-blocking-2.0.0.tgz",
      "integrity": "sha1-BF+XgtARrppoA93TgrJDkrPYkPc=",
      "dev": true
    },
    "string-width": {
      "version": "4.2.0",
      "resolved": "https://registry.npmjs.org/string-width/-/string-width-4.2.0.tgz",
      "integrity": "sha512-zUz5JD+tgqtuDjMhwIg5uFVV3dtqZ9yQJlZVfq4I01/K5Paj5UHj7VyrQOJvzawSVlKpObApbfD0Ed6yJc+1eg==",
      "dev": true,
      "requires": {
        "emoji-regex": "^8.0.0",
        "is-fullwidth-code-point": "^3.0.0",
        "strip-ansi": "^6.0.0"
      }
    },
    "strip-ansi": {
      "version": "6.0.0",
      "resolved": "https://registry.npmjs.org/strip-ansi/-/strip-ansi-6.0.0.tgz",
      "integrity": "sha512-AuvKTrTfQNYNIctbR1K/YGTR1756GycPsg7b9bdV9Duqur4gv6aKqHXah67Z8ImS7WEz5QVcOtlfW2rZEugt6w==",
      "dev": true,
      "requires": {
        "ansi-regex": "^5.0.0"
      }
    },
    "universalify": {
      "version": "1.0.0",
      "resolved": "https://registry.npmjs.org/universalify/-/universalify-1.0.0.tgz",
      "integrity": "sha512-rb6X1W158d7pRQBg5gkR8uPaSfiids68LTJQYOtEUhoJUWBdaQHsuT/EUduxXYxcrt4r5PJ4fuHW1MHT6p0qug==",
      "dev": true
    },
    "which-module": {
      "version": "2.0.0",
      "resolved": "https://registry.npmjs.org/which-module/-/which-module-2.0.0.tgz",
      "integrity": "sha1-2e8H3Od7mQK4o6j6SzHD4/fm6Ho=",
      "dev": true
    },
    "wrap-ansi": {
      "version": "6.2.0",
      "resolved": "https://registry.npmjs.org/wrap-ansi/-/wrap-ansi-6.2.0.tgz",
      "integrity": "sha512-r6lPcBGxZXlIcymEu7InxDMhdW0KDxpLgoFLcguasxCaJ/SOIZwINatK9KY/tf+ZrlywOKU0UDj3ATXUBfxJXA==",
      "dev": true,
      "requires": {
        "ansi-styles": "^4.0.0",
        "string-width": "^4.1.0",
        "strip-ansi": "^6.0.0"
      }
    },
    "ws": {
      "version": "7.2.3",
      "resolved": "https://registry.npmjs.org/ws/-/ws-7.2.3.tgz",
      "integrity": "sha512-HTDl9G9hbkNDk98naoR/cHDws7+EyYMOdL1BmjsZXRUjf7d+MficC4B7HLUPlSiho0vg+CWKrGIt/VJBd1xunQ=="
    },
    "y18n": {
      "version": "4.0.0",
      "resolved": "https://registry.npmjs.org/y18n/-/y18n-4.0.0.tgz",
      "integrity": "sha512-r9S/ZyXu/Xu9q1tYlpsLIsa3EeLXXk0VwlxqTcFRfg9EhMW+17kbt9G0NrgCmhGb5vT2hyhJZLfDGx+7+5Uj/w==",
      "dev": true
    },
    "yargs": {
      "version": "15.4.1",
      "resolved": "https://registry.npmjs.org/yargs/-/yargs-15.4.1.tgz",
      "integrity": "sha512-aePbxDmcYW++PaqBsJ+HYUFwCdv4LVvdnhBy78E57PIor8/OVvhMrADFFEDh8DHDFRv/O9i3lPhsENjO7QX0+A==",
      "dev": true,
      "requires": {
        "cliui": "^6.0.0",
        "decamelize": "^1.2.0",
        "find-up": "^4.1.0",
        "get-caller-file": "^2.0.1",
        "require-directory": "^2.1.1",
        "require-main-filename": "^2.0.0",
        "set-blocking": "^2.0.0",
        "string-width": "^4.2.0",
        "which-module": "^2.0.0",
        "y18n": "^4.0.0",
        "yargs-parser": "^18.1.2"
      }
    },
    "yargs-parser": {
      "version": "18.1.3",
      "resolved": "https://registry.npmjs.org/yargs-parser/-/yargs-parser-18.1.3.tgz",
      "integrity": "sha512-o50j0JeToy/4K6OZcaQmW6lyXXKhq7csREXcDwk2omFPJEwUNOVtJKvmDr9EI1fAJZUyZcRF7kxGBWmRXudrCQ==",
      "dev": true,
      "requires": {
        "camelcase": "^5.0.0",
        "decamelize": "^1.2.0"
      }
    }
  }
}
